// !$*UTF8*$!
{
	archiveVersion = 1;
	classes = {
	};
	objectVersion = 55;
	objects = {

/* Begin PBXBuildFile section */
		DAC003CB274607540052B4A9 /* CarfaxTestApp.swift in Sources */ = {isa = PBXBuildFile; fileRef = DAC003CA274607540052B4A9 /* CarfaxTestApp.swift */; };
		DAC003CD274607540052B4A9 /* HomeView.swift in Sources */ = {isa = PBXBuildFile; fileRef = DAC003CC274607540052B4A9 /* HomeView.swift */; };
		DAC003D2274607620052B4A9 /* Preview Assets.xcassets in Resources */ = {isa = PBXBuildFile; fileRef = DAC003D1274607620052B4A9 /* Preview Assets.xcassets */; };
		DADC210A2746175E00453BD1 /* Listings.swift in Sources */ = {isa = PBXBuildFile; fileRef = DADC21092746175E00453BD1 /* Listings.swift */; };
		DADC210C274617A000453BD1 /* CarsVM.swift in Sources */ = {isa = PBXBuildFile; fileRef = DADC210B274617A000453BD1 /* CarsVM.swift */; };
		DADC210E2746193900453BD1 /* CarListView.swift in Sources */ = {isa = PBXBuildFile; fileRef = DADC210D2746193900453BD1 /* CarListView.swift */; };
		DADC21102746194600453BD1 /* LoadingView.swift in Sources */ = {isa = PBXBuildFile; fileRef = DADC210F2746194600453BD1 /* LoadingView.swift */; };
		DADC21132746195A00453BD1 /* ErrorView.swift in Sources */ = {isa = PBXBuildFile; fileRef = DADC21122746195A00453BD1 /* ErrorView.swift */; };
		DADC2116274622E900453BD1 /* Kingfisher in Frameworks */ = {isa = PBXBuildFile; productRef = DADC2115274622E900453BD1 /* Kingfisher */; };
		DADC211827462F5D00453BD1 /* CarsModel.swift in Sources */ = {isa = PBXBuildFile; fileRef = DADC211727462F5C00453BD1 /* CarsModel.swift */; };
		DADC211B2746379600453BD1 /* SDWebImageSwiftUI in Frameworks */ = {isa = PBXBuildFile; productRef = DADC211A2746379600453BD1 /* SDWebImageSwiftUI */; };
		DADC211D2746946E00453BD1 /* CarListDetailView.swift in Sources */ = {isa = PBXBuildFile; fileRef = DADC211C2746946E00453BD1 /* CarListDetailView.swift */; };
		DADC212127469B1500453BD1 /* CarTopOptions.swift in Sources */ = {isa = PBXBuildFile; fileRef = DADC212027469B1500453BD1 /* CarTopOptions.swift */; };
		DADC212427469F6900453BD1 /* Constants.swift in Sources */ = {isa = PBXBuildFile; fileRef = DADC212327469F6800453BD1 /* Constants.swift */; };
		DADC21262746A4F000453BD1 /* CarSpecifications.swift in Sources */ = {isa = PBXBuildFile; fileRef = DADC21252746A4F000453BD1 /* CarSpecifications.swift */; };
		DADC21282746ACE700453BD1 /* DealerInfo.swift in Sources */ = {isa = PBXBuildFile; fileRef = DADC21272746ACE600453BD1 /* DealerInfo.swift */; };
		DADC212A2746B34F00453BD1 /* APIError.swift in Sources */ = {isa = PBXBuildFile; fileRef = DADC21292746B34E00453BD1 /* APIError.swift */; };
		DADC212D2746B75E00453BD1 /* APIService.swift in Sources */ = {isa = PBXBuildFile; fileRef = DADC212C2746B75E00453BD1 /* APIService.swift */; };
		DADC212F2746BDCC00453BD1 /* Dealer.swift in Sources */ = {isa = PBXBuildFile; fileRef = DADC212E2746BDCC00453BD1 /* Dealer.swift */; };
		DADC21312746BE0E00453BD1 /* History.swift in Sources */ = {isa = PBXBuildFile; fileRef = DADC21302746BE0E00453BD1 /* History.swift */; };
		DADC21342746C30E00453BD1 /* Assets.xcassets in Resources */ = {isa = PBXBuildFile; fileRef = DADC21332746C30D00453BD1 /* Assets.xcassets */; };
/* End PBXBuildFile section */

/* Begin PBXFileReference section */
		DAC003C7274607540052B4A9 /* CarfaxTest.app */ = {isa = PBXFileReference; explicitFileType = wrapper.application; includeInIndex = 0; path = CarfaxTest.app; sourceTree = BUILT_PRODUCTS_DIR; };
		DAC003CA274607540052B4A9 /* CarfaxTestApp.swift */ = {isa = PBXFileReference; lastKnownFileType = sourcecode.swift; path = CarfaxTestApp.swift; sourceTree = "<group>"; };
		DAC003CC274607540052B4A9 /* HomeView.swift */ = {isa = PBXFileReference; lastKnownFileType = sourcecode.swift; path = HomeView.swift; sourceTree = "<group>"; };
		DAC003D1274607620052B4A9 /* Preview Assets.xcassets */ = {isa = PBXFileReference; lastKnownFileType = folder.assetcatalog; path = "Preview Assets.xcassets"; sourceTree = "<group>"; };
		DADC21092746175E00453BD1 /* Listings.swift */ = {isa = PBXFileReference; lastKnownFileType = sourcecode.swift; path = Listings.swift; sourceTree = "<group>"; };
		DADC210B274617A000453BD1 /* CarsVM.swift */ = {isa = PBXFileReference; lastKnownFileType = sourcecode.swift; path = CarsVM.swift; sourceTree = "<group>"; };
		DADC210D2746193900453BD1 /* CarListView.swift */ = {isa = PBXFileReference; lastKnownFileType = sourcecode.swift; path = CarListView.swift; sourceTree = "<group>"; };
		DADC210F2746194600453BD1 /* LoadingView.swift */ = {isa = PBXFileReference; lastKnownFileType = sourcecode.swift; path = LoadingView.swift; sourceTree = "<group>"; };
		DADC21122746195A00453BD1 /* ErrorView.swift */ = {isa = PBXFileReference; lastKnownFileType = sourcecode.swift; path = ErrorView.swift; sourceTree = "<group>"; };
		DADC211727462F5C00453BD1 /* CarsModel.swift */ = {isa = PBXFileReference; lastKnownFileType = sourcecode.swift; path = CarsModel.swift; sourceTree = "<group>"; };
		DADC211C2746946E00453BD1 /* CarListDetailView.swift */ = {isa = PBXFileReference; lastKnownFileType = sourcecode.swift; path = CarListDetailView.swift; sourceTree = "<group>"; };
		DADC212027469B1500453BD1 /* CarTopOptions.swift */ = {isa = PBXFileReference; lastKnownFileType = sourcecode.swift; path = CarTopOptions.swift; sourceTree = "<group>"; };
		DADC212327469F6800453BD1 /* Constants.swift */ = {isa = PBXFileReference; lastKnownFileType = sourcecode.swift; path = Constants.swift; sourceTree = "<group>"; };
		DADC21252746A4F000453BD1 /* CarSpecifications.swift */ = {isa = PBXFileReference; lastKnownFileType = sourcecode.swift; path = CarSpecifications.swift; sourceTree = "<group>"; };
		DADC21272746ACE600453BD1 /* DealerInfo.swift */ = {isa = PBXFileReference; lastKnownFileType = sourcecode.swift; path = DealerInfo.swift; sourceTree = "<group>"; };
		DADC21292746B34E00453BD1 /* APIError.swift */ = {isa = PBXFileReference; lastKnownFileType = sourcecode.swift; path = APIError.swift; sourceTree = "<group>"; };
		DADC212C2746B75E00453BD1 /* APIService.swift */ = {isa = PBXFileReference; lastKnownFileType = sourcecode.swift; path = APIService.swift; sourceTree = "<group>"; };
		DADC212E2746BDCC00453BD1 /* Dealer.swift */ = {isa = PBXFileReference; lastKnownFileType = sourcecode.swift; path = Dealer.swift; sourceTree = "<group>"; };
		DADC21302746BE0E00453BD1 /* History.swift */ = {isa = PBXFileReference; lastKnownFileType = sourcecode.swift; path = History.swift; sourceTree = "<group>"; };
		DADC21322746C19E00453BD1 /* Info.plist */ = {isa = PBXFileReference; lastKnownFileType = text.plist; path = Info.plist; sourceTree = "<group>"; };
		DADC21332746C30D00453BD1 /* Assets.xcassets */ = {isa = PBXFileReference; lastKnownFileType = folder.assetcatalog; name = Assets.xcassets; path = "Preview Content/Assets.xcassets"; sourceTree = "<group>"; };
/* End PBXFileReference section */

/* Begin PBXFrameworksBuildPhase section */
		DAC003C4274607540052B4A9 /* Frameworks */ = {
			isa = PBXFrameworksBuildPhase;
			buildActionMask = 2147483647;
			files = (
				DADC211B2746379600453BD1 /* SDWebImageSwiftUI in Frameworks */,
				DADC2116274622E900453BD1 /* Kingfisher in Frameworks */,
			);
			runOnlyForDeploymentPostprocessing = 0;
		};
/* End PBXFrameworksBuildPhase section */

/* Begin PBXGroup section */
		DAC003BE274607530052B4A9 = {
			isa = PBXGroup;
			children = (
				DAC003C9274607540052B4A9 /* CarfaxTest */,
				DAC003C8274607540052B4A9 /* Products */,
			);
			sourceTree = "<group>";
		};
		DAC003C8274607540052B4A9 /* Products */ = {
			isa = PBXGroup;
			children = (
				DAC003C7274607540052B4A9 /* CarfaxTest.app */,
			);
			name = Products;
			sourceTree = "<group>";
		};
		DAC003C9274607540052B4A9 /* CarfaxTest */ = {
			isa = PBXGroup;
			children = (
				DADC21322746C19E00453BD1 /* Info.plist */,
				DADC212B2746B74B00453BD1 /* Networking */,
				DADC212227469F5700453BD1 /* Helper */,
				DADC2106274616E400453BD1 /* Model */,
				DADC2105274616D700453BD1 /* ViewModel */,
				DADC2104274616CE00453BD1 /* View */,
				DAC003CA274607540052B4A9 /* CarfaxTestApp.swift */,
				DAC003CC274607540052B4A9 /* HomeView.swift */,
				DADC21332746C30D00453BD1 /* Assets.xcassets */,
				DAC003D0274607620052B4A9 /* Preview Content */,
			);
			path = CarfaxTest;
			sourceTree = "<group>";
		};
		DAC003D0274607620052B4A9 /* Preview Content */ = {
			isa = PBXGroup;
			children = (
				DAC003D1274607620052B4A9 /* Preview Assets.xcassets */,
			);
			path = "Preview Content";
			sourceTree = "<group>";
		};
		DADC2104274616CE00453BD1 /* View */ = {
			isa = PBXGroup;
			children = (
				DADC210D2746193900453BD1 /* CarListView.swift */,
				DADC210F2746194600453BD1 /* LoadingView.swift */,
				DADC21122746195A00453BD1 /* ErrorView.swift */,
				DADC211C2746946E00453BD1 /* CarListDetailView.swift */,
				DADC212027469B1500453BD1 /* CarTopOptions.swift */,
				DADC21252746A4F000453BD1 /* CarSpecifications.swift */,
				DADC21272746ACE600453BD1 /* DealerInfo.swift */,
			);
			path = View;
			sourceTree = "<group>";
		};
		DADC2105274616D700453BD1 /* ViewModel */ = {
			isa = PBXGroup;
			children = (
				DADC210B274617A000453BD1 /* CarsVM.swift */,
			);
			path = ViewModel;
			sourceTree = "<group>";
		};
		DADC2106274616E400453BD1 /* Model */ = {
			isa = PBXGroup;
			children = (
				DADC21092746175E00453BD1 /* Listings.swift */,
				DADC211727462F5C00453BD1 /* CarsModel.swift */,
				DADC212E2746BDCC00453BD1 /* Dealer.swift */,
				DADC21302746BE0E00453BD1 /* History.swift */,
			);
			path = Model;
			sourceTree = "<group>";
		};
		DADC212227469F5700453BD1 /* Helper */ = {
			isa = PBXGroup;
			children = (
				DADC212327469F6800453BD1 /* Constants.swift */,
				DADC21292746B34E00453BD1 /* APIError.swift */,
			);
			path = Helper;
			sourceTree = "<group>";
		};
		DADC212B2746B74B00453BD1 /* Networking */ = {
			isa = PBXGroup;
			children = (
				DADC212C2746B75E00453BD1 /* APIService.swift */,
			);
			path = Networking;
			sourceTree = "<group>";
		};
/* End PBXGroup section */

/* Begin PBXNativeTarget section */
		DAC003C6274607540052B4A9 /* CarfaxTest */ = {
			isa = PBXNativeTarget;
			buildConfigurationList = DAC003D5274607620052B4A9 /* Build configuration list for PBXNativeTarget "CarfaxTest" */;
			buildPhases = (
				DAC003C3274607540052B4A9 /* Sources */,
				DAC003C4274607540052B4A9 /* Frameworks */,
				DAC003C5274607540052B4A9 /* Resources */,
			);
			buildRules = (
			);
			dependencies = (
			);
			name = CarfaxTest;
			packageProductDependencies = (
				DADC2115274622E900453BD1 /* Kingfisher */,
				DADC211A2746379600453BD1 /* SDWebImageSwiftUI */,
			);
			productName = CarfaxTest;
			productReference = DAC003C7274607540052B4A9 /* CarfaxTest.app */;
			productType = "com.apple.product-type.application";
		};
/* End PBXNativeTarget section */

/* Begin PBXProject section */
		DAC003BF274607530052B4A9 /* Project object */ = {
			isa = PBXProject;
			attributes = {
				BuildIndependentTargetsInParallel = 1;
				LastSwiftUpdateCheck = 1310;
				LastUpgradeCheck = 1310;
				TargetAttributes = {
					DAC003C6274607540052B4A9 = {
						CreatedOnToolsVersion = 13.1;
					};
				};
			};
			buildConfigurationList = DAC003C2274607530052B4A9 /* Build configuration list for PBXProject "CarfaxTest" */;
			compatibilityVersion = "Xcode 13.0";
			developmentRegion = en;
			hasScannedForEncodings = 0;
			knownRegions = (
				en,
				Base,
			);
			mainGroup = DAC003BE274607530052B4A9;
			packageReferences = (
				DADC2114274622E800453BD1 /* XCRemoteSwiftPackageReference "Kingfisher" */,
				DADC21192746379600453BD1 /* XCRemoteSwiftPackageReference "SDWebImageSwiftUI" */,
			);
			productRefGroup = DAC003C8274607540052B4A9 /* Products */;
			projectDirPath = "";
			projectRoot = "";
			targets = (
				DAC003C6274607540052B4A9 /* CarfaxTest */,
			);
		};
/* End PBXProject section */

/* Begin PBXResourcesBuildPhase section */
		DAC003C5274607540052B4A9 /* Resources */ = {
			isa = PBXResourcesBuildPhase;
			buildActionMask = 2147483647;
			files = (
				DAC003D2274607620052B4A9 /* Preview Assets.xcassets in Resources */,
				DADC21342746C30E00453BD1 /* Assets.xcassets in Resources */,
			);
			runOnlyForDeploymentPostprocessing = 0;
		};
/* End PBXResourcesBuildPhase section */

/* Begin PBXSourcesBuildPhase section */
		DAC003C3274607540052B4A9 /* Sources */ = {
			isa = PBXSourcesBuildPhase;
			buildActionMask = 2147483647;
			files = (
				DADC21312746BE0E00453BD1 /* History.swift in Sources */,
				DADC212D2746B75E00453BD1 /* APIService.swift in Sources */,
				DAC003CD274607540052B4A9 /* HomeView.swift in Sources */,
				DADC21262746A4F000453BD1 /* CarSpecifications.swift in Sources */,
				DADC210A2746175E00453BD1 /* Listings.swift in Sources */,
				DADC212F2746BDCC00453BD1 /* Dealer.swift in Sources */,
				DAC003CB274607540052B4A9 /* CarfaxTestApp.swift in Sources */,
				DADC210C274617A000453BD1 /* CarsVM.swift in Sources */,
				DADC211827462F5D00453BD1 /* CarsModel.swift in Sources */,
				DADC212427469F6900453BD1 /* Constants.swift in Sources */,
				DADC212127469B1500453BD1 /* CarTopOptions.swift in Sources */,
				DADC21282746ACE700453BD1 /* DealerInfo.swift in Sources */,
				DADC21102746194600453BD1 /* LoadingView.swift in Sources */,
				DADC210E2746193900453BD1 /* CarListView.swift in Sources */,
				DADC212A2746B34F00453BD1 /* APIError.swift in Sources */,
				DADC211D2746946E00453BD1 /* CarListDetailView.swift in Sources */,
				DADC21132746195A00453BD1 /* ErrorView.swift in Sources */,
			);
			runOnlyForDeploymentPostprocessing = 0;
		};
/* End PBXSourcesBuildPhase section */

/* Begin XCBuildConfiguration section */
		DAC003D3274607620052B4A9 /* Debug */ = {
			isa = XCBuildConfiguration;
			buildSettings = {
				ALWAYS_SEARCH_USER_PATHS = NO;
				CLANG_ANALYZER_NONNULL = YES;
				CLANG_ANALYZER_NUMBER_OBJECT_CONVERSION = YES_AGGRESSIVE;
				CLANG_CXX_LANGUAGE_STANDARD = "gnu++17";
				CLANG_CXX_LIBRARY = "libc++";
				CLANG_ENABLE_MODULES = YES;
				CLANG_ENABLE_OBJC_ARC = YES;
				CLANG_ENABLE_OBJC_WEAK = YES;
				CLANG_WARN_BLOCK_CAPTURE_AUTORELEASING = YES;
				CLANG_WARN_BOOL_CONVERSION = YES;
				CLANG_WARN_COMMA = YES;
				CLANG_WARN_CONSTANT_CONVERSION = YES;
				CLANG_WARN_DEPRECATED_OBJC_IMPLEMENTATIONS = YES;
				CLANG_WARN_DIRECT_OBJC_ISA_USAGE = YES_ERROR;
				CLANG_WARN_DOCUMENTATION_COMMENTS = YES;
				CLANG_WARN_EMPTY_BODY = YES;
				CLANG_WARN_ENUM_CONVERSION = YES;
				CLANG_WARN_INFINITE_RECURSION = YES;
				CLANG_WARN_INT_CONVERSION = YES;
				CLANG_WARN_NON_LITERAL_NULL_CONVERSION = YES;
				CLANG_WARN_OBJC_IMPLICIT_RETAIN_SELF = YES;
				CLANG_WARN_OBJC_LITERAL_CONVERSION = YES;
				CLANG_WARN_OBJC_ROOT_CLASS = YES_ERROR;
				CLANG_WARN_QUOTED_INCLUDE_IN_FRAMEWORK_HEADER = YES;
				CLANG_WARN_RANGE_LOOP_ANALYSIS = YES;
				CLANG_WARN_STRICT_PROTOTYPES = YES;
				CLANG_WARN_SUSPICIOUS_MOVE = YES;
				CLANG_WARN_UNGUARDED_AVAILABILITY = YES_AGGRESSIVE;
				CLANG_WARN_UNREACHABLE_CODE = YES;
				CLANG_WARN__DUPLICATE_METHOD_MATCH = YES;
				COPY_PHASE_STRIP = NO;
				DEBUG_INFORMATION_FORMAT = dwarf;
				ENABLE_STRICT_OBJC_MSGSEND = YES;
				ENABLE_TESTABILITY = YES;
				GCC_C_LANGUAGE_STANDARD = gnu11;
				GCC_DYNAMIC_NO_PIC = NO;
				GCC_NO_COMMON_BLOCKS = YES;
				GCC_OPTIMIZATION_LEVEL = 0;
				GCC_PREPROCESSOR_DEFINITIONS = (
					"DEBUG=1",
					"$(inherited)",
				);
				GCC_WARN_64_TO_32_BIT_CONVERSION = YES;
				GCC_WARN_ABOUT_RETURN_TYPE = YES_ERROR;
				GCC_WARN_UNDECLARED_SELECTOR = YES;
				GCC_WARN_UNINITIALIZED_AUTOS = YES_AGGRESSIVE;
				GCC_WARN_UNUSED_FUNCTION = YES;
				GCC_WARN_UNUSED_VARIABLE = YES;
				IPHONEOS_DEPLOYMENT_TARGET = 15.0;
				MTL_ENABLE_DEBUG_INFO = INCLUDE_SOURCE;
				MTL_FAST_MATH = YES;
				ONLY_ACTIVE_ARCH = YES;
				SDKROOT = iphoneos;
				SWIFT_ACTIVE_COMPILATION_CONDITIONS = DEBUG;
				SWIFT_OPTIMIZATION_LEVEL = "-Onone";
			};
			name = Debug;
		};
		DAC003D4274607620052B4A9 /* Release */ = {
			isa = XCBuildConfiguration;
			buildSettings = {
				ALWAYS_SEARCH_USER_PATHS = NO;
				CLANG_ANALYZER_NONNULL = YES;
				CLANG_ANALYZER_NUMBER_OBJECT_CONVERSION = YES_AGGRESSIVE;
				CLANG_CXX_LANGUAGE_STANDARD = "gnu++17";
				CLANG_CXX_LIBRARY = "libc++";
				CLANG_ENABLE_MODULES = YES;
				CLANG_ENABLE_OBJC_ARC = YES;
				CLANG_ENABLE_OBJC_WEAK = YES;
				CLANG_WARN_BLOCK_CAPTURE_AUTORELEASING = YES;
				CLANG_WARN_BOOL_CONVERSION = YES;
				CLANG_WARN_COMMA = YES;
				CLANG_WARN_CONSTANT_CONVERSION = YES;
				CLANG_WARN_DEPRECATED_OBJC_IMPLEMENTATIONS = YES;
				CLANG_WARN_DIRECT_OBJC_ISA_USAGE = YES_ERROR;
				CLANG_WARN_DOCUMENTATION_COMMENTS = YES;
				CLANG_WARN_EMPTY_BODY = YES;
				CLANG_WARN_ENUM_CONVERSION = YES;
				CLANG_WARN_INFINITE_RECURSION = YES;
				CLANG_WARN_INT_CONVERSION = YES;
				CLANG_WARN_NON_LITERAL_NULL_CONVERSION = YES;
				CLANG_WARN_OBJC_IMPLICIT_RETAIN_SELF = YES;
				CLANG_WARN_OBJC_LITERAL_CONVERSION = YES;
				CLANG_WARN_OBJC_ROOT_CLASS = YES_ERROR;
				CLANG_WARN_QUOTED_INCLUDE_IN_FRAMEWORK_HEADER = YES;
				CLANG_WARN_RANGE_LOOP_ANALYSIS = YES;
				CLANG_WARN_STRICT_PROTOTYPES = YES;
				CLANG_WARN_SUSPICIOUS_MOVE = YES;
				CLANG_WARN_UNGUARDED_AVAILABILITY = YES_AGGRESSIVE;
				CLANG_WARN_UNREACHABLE_CODE = YES;
				CLANG_WARN__DUPLICATE_METHOD_MATCH = YES;
				COPY_PHASE_STRIP = NO;
				DEBUG_INFORMATION_FORMAT = "dwarf-with-dsym";
				ENABLE_NS_ASSERTIONS = NO;
				ENABLE_STRICT_OBJC_MSGSEND = YES;
				GCC_C_LANGUAGE_STANDARD = gnu11;
				GCC_NO_COMMON_BLOCKS = YES;
				GCC_WARN_64_TO_32_BIT_CONVERSION = YES;
				GCC_WARN_ABOUT_RETURN_TYPE = YES_ERROR;
				GCC_WARN_UNDECLARED_SELECTOR = YES;
				GCC_WARN_UNINITIALIZED_AUTOS = YES_AGGRESSIVE;
				GCC_WARN_UNUSED_FUNCTION = YES;
				GCC_WARN_UNUSED_VARIABLE = YES;
				IPHONEOS_DEPLOYMENT_TARGET = 15.0;
				MTL_ENABLE_DEBUG_INFO = NO;
				MTL_FAST_MATH = YES;
				SDKROOT = iphoneos;
				SWIFT_COMPILATION_MODE = wholemodule;
				SWIFT_OPTIMIZATION_LEVEL = "-O";
				VALIDATE_PRODUCT = YES;
			};
			name = Release;
		};
		DAC003D6274607620052B4A9 /* Debug */ = {
			isa = XCBuildConfiguration;
			buildSettings = {
				ASSETCATALOG_COMPILER_APPICON_NAME = AppIcon;
				ASSETCATALOG_COMPILER_GLOBAL_ACCENT_COLOR_NAME = AccentColor;
				CODE_SIGN_STYLE = Automatic;
				CURRENT_PROJECT_VERSION = 1;
				DEVELOPMENT_ASSET_PATHS = "\"CarfaxTest/Preview Content\"";
				DEVELOPMENT_TEAM = N455DP39DJ;
				ENABLE_PREVIEWS = YES;
				GENERATE_INFOPLIST_FILE = YES;
				INFOPLIST_FILE = CarfaxTest/Info.plist;
				INFOPLIST_KEY_UIApplicationSceneManifest_Generation = YES;
				INFOPLIST_KEY_UIApplicationSupportsIndirectInputEvents = YES;
				INFOPLIST_KEY_UISupportedInterfaceOrientations_iPad = "UIInterfaceOrientationPortrait UIInterfaceOrientationPortraitUpsideDown UIInterfaceOrientationLandscapeLeft UIInterfaceOrientationLandscapeRight";
				INFOPLIST_KEY_UISupportedInterfaceOrientations_iPhone = "UIInterfaceOrientationPortrait UIInterfaceOrientationLandscapeLeft UIInterfaceOrientationLandscapeRight";
				LD_RUNPATH_SEARCH_PATHS = (
					"$(inherited)",
					"@executable_path/Frameworks",
				);
				MARKETING_VERSION = 1.0;
				PRODUCT_BUNDLE_IDENTIFIER = com.sreekuttan.CarfaxTest;
				PRODUCT_NAME = "$(TARGET_NAME)";
				SWIFT_EMIT_LOC_STRINGS = YES;
				SWIFT_VERSION = 5.0;
				TARGETED_DEVICE_FAMILY = "1,2";
			};
			name = Debug;
		};
		DAC003D7274607620052B4A9 /* Release */ = {
			isa = XCBuildConfiguration;
			buildSettings = {
				ASSETCATALOG_COMPILER_APPICON_NAME = AppIcon;
				ASSETCATALOG_COMPILER_GLOBAL_ACCENT_COLOR_NAME = AccentColor;
				CODE_SIGN_STYLE = Automatic;
				CURRENT_PROJECT_VERSION = 1;
				DEVELOPMENT_ASSET_PATHS = "\"CarfaxTest/Preview Content\"";
				DEVELOPMENT_TEAM = N455DP39DJ;
				ENABLE_PREVIEWS = YES;
				GENERATE_INFOPLIST_FILE = YES;
				INFOPLIST_FILE = CarfaxTest/Info.plist;
				INFOPLIST_KEY_UIApplicationSceneManifest_Generation = YES;
				INFOPLIST_KEY_UIApplicationSupportsIndirectInputEvents = YES;
				INFOPLIST_KEY_UISupportedInterfaceOrientations_iPad = "UIInterfaceOrientationPortrait UIInterfaceOrientationPortraitUpsideDown UIInterfaceOrientationLandscapeLeft UIInterfaceOrientationLandscapeRight";
				INFOPLIST_KEY_UISupportedInterfaceOrientations_iPhone = "UIInterfaceOrientationPortrait UIInterfaceOrientationLandscapeLeft UIInterfaceOrientationLandscapeRight";
				LD_RUNPATH_SEARCH_PATHS = (
					"$(inherited)",
					"@executable_path/Frameworks",
				);
				MARKETING_VERSION = 1.0;
				PRODUCT_BUNDLE_IDENTIFIER = com.sreekuttan.CarfaxTest;
				PRODUCT_NAME = "$(TARGET_NAME)";
				SWIFT_EMIT_LOC_STRINGS = YES;
				SWIFT_VERSION = 5.0;
				TARGETED_DEVICE_FAMILY = "1,2";
			};
			name = Release;
		};
/* End XCBuildConfiguration section */

/* Begin XCConfigurationList section */
		DAC003C2274607530052B4A9 /* Build configuration list for PBXProject "CarfaxTest" */ = {
			isa = XCConfigurationList;
			buildConfigurations = (
				DAC003D3274607620052B4A9 /* Debug */,
				DAC003D4274607620052B4A9 /* Release */,
			);
			defaultConfigurationIsVisible = 0;
			defaultConfigurationName = Release;
		};
		DAC003D5274607620052B4A9 /* Build configuration list for PBXNativeTarget "CarfaxTest" */ = {
			isa = XCConfigurationList;
			buildConfigurations = (
				DAC003D6274607620052B4A9 /* Debug */,
				DAC003D7274607620052B4A9 /* Release */,
			);
			defaultConfigurationIsVisible = 0;
			defaultConfigurationName = Release;
		};
/* End XCConfigurationList section */

/* Begin XCRemoteSwiftPackageReference section */
		DADC2114274622E800453BD1 /* XCRemoteSwiftPackageReference "Kingfisher" */ = {
			isa = XCRemoteSwiftPackageReference;
			repositoryURL = "https://github.com/onevcat/Kingfisher";
			requirement = {
				branch = master;
				kind = branch;
			};
		};
		DADC21192746379600453BD1 /* XCRemoteSwiftPackageReference "SDWebImageSwiftUI" */ = {
			isa = XCRemoteSwiftPackageReference;
			repositoryURL = "https://github.com/SDWebImage/SDWebImageSwiftUI";
			requirement = {
				kind = upToNextMajorVersion;
				minimumVersion = 2.0.0;
			};
		};
/* End XCRemoteSwiftPackageReference section */

/* Begin XCSwiftPackageProductDependency section */
		DADC2115274622E900453BD1 /* Kingfisher */ = {
			isa = XCSwiftPackageProductDependency;
			package = DADC2114274622E800453BD1 /* XCRemoteSwiftPackageReference "Kingfisher" */;
			productName = Kingfisher;
		};
		DADC211A2746379600453BD1 /* SDWebImageSwiftUI */ = {
			isa = XCSwiftPackageProductDependency;
			package = DADC21192746379600453BD1 /* XCRemoteSwiftPackageReference "SDWebImageSwiftUI" */;
			productName = SDWebImageSwiftUI;
		};
/* End XCSwiftPackageProductDependency section */
	};
	rootObject = DAC003BF274607530052B4A9 /* Project object */;
}
